// !$*UTF8*$!
{
	archiveVersion = 1;
	classes = {
	};
	objectVersion = 46;
	objects = {

/* Begin PBXBuildFile section */
		0DFF1299222CC7BCFF310D30 /* Pods_OverTap.framework in Frameworks */ = {isa = PBXBuildFile; fileRef = 71204BA929441C6D0D2E0B71 /* Pods_OverTap.framework */; };
		B65DC60E1DE54005001A4095 /* AppDelegate.swift in Sources */ = {isa = PBXBuildFile; fileRef = B65DC60D1DE54005001A4095 /* AppDelegate.swift */; };
		B65DC6131DE54005001A4095 /* Main.storyboard in Resources */ = {isa = PBXBuildFile; fileRef = B65DC6111DE54005001A4095 /* Main.storyboard */; };
		B65DC6151DE54005001A4095 /* Assets.xcassets in Resources */ = {isa = PBXBuildFile; fileRef = B65DC6141DE54005001A4095 /* Assets.xcassets */; };
		B65DC6181DE54005001A4095 /* LaunchScreen.storyboard in Resources */ = {isa = PBXBuildFile; fileRef = B65DC6161DE54005001A4095 /* LaunchScreen.storyboard */; };
		B65DC6231DE54005001A4095 /* OverTapTests.swift in Sources */ = {isa = PBXBuildFile; fileRef = B65DC6221DE54005001A4095 /* OverTapTests.swift */; };
		B65DC62E1DE54005001A4095 /* OverTapUITests.swift in Sources */ = {isa = PBXBuildFile; fileRef = B65DC62D1DE54005001A4095 /* OverTapUITests.swift */; };
		B65DC63E1DE5414F001A4095 /* ViewController.swift in Sources */ = {isa = PBXBuildFile; fileRef = B65DC63D1DE5414F001A4095 /* ViewController.swift */; };
		B66485C31DEF2201009601B1 /* back.jpg in Resources */ = {isa = PBXBuildFile; fileRef = B66485C21DEF2201009601B1 /* back.jpg */; };
/* End PBXBuildFile section */

/* Begin PBXContainerItemProxy section */
		B65DC61F1DE54005001A4095 /* PBXContainerItemProxy */ = {
			isa = PBXContainerItemProxy;
			containerPortal = B65DC6021DE54005001A4095 /* Project object */;
			proxyType = 1;
			remoteGlobalIDString = B65DC6091DE54005001A4095;
			remoteInfo = OverTap;
		};
		B65DC62A1DE54005001A4095 /* PBXContainerItemProxy */ = {
			isa = PBXContainerItemProxy;
			containerPortal = B65DC6021DE54005001A4095 /* Project object */;
			proxyType = 1;
			remoteGlobalIDString = B65DC6091DE54005001A4095;
			remoteInfo = OverTap;
		};
/* End PBXContainerItemProxy section */

/* Begin PBXFileReference section */
		71204BA929441C6D0D2E0B71 /* Pods_OverTap.framework */ = {isa = PBXFileReference; explicitFileType = wrapper.framework; includeInIndex = 0; path = Pods_OverTap.framework; sourceTree = BUILT_PRODUCTS_DIR; };
		905EA417B3C31B9000FEF363 /* Pods-OverTap.release.xcconfig */ = {isa = PBXFileReference; includeInIndex = 1; lastKnownFileType = text.xcconfig; name = "Pods-OverTap.release.xcconfig"; path = "Pods/Target Support Files/Pods-OverTap/Pods-OverTap.release.xcconfig"; sourceTree = "<group>"; };
		B65DC60A1DE54005001A4095 /* OverTap.app */ = {isa = PBXFileReference; explicitFileType = wrapper.application; includeInIndex = 0; path = OverTap.app; sourceTree = BUILT_PRODUCTS_DIR; };
		B65DC60D1DE54005001A4095 /* AppDelegate.swift */ = {isa = PBXFileReference; lastKnownFileType = sourcecode.swift; path = AppDelegate.swift; sourceTree = "<group>"; };
		B65DC6121DE54005001A4095 /* Base */ = {isa = PBXFileReference; lastKnownFileType = file.storyboard; name = Base; path = Base.lproj/Main.storyboard; sourceTree = "<group>"; };
		B65DC6141DE54005001A4095 /* Assets.xcassets */ = {isa = PBXFileReference; lastKnownFileType = folder.assetcatalog; path = Assets.xcassets; sourceTree = "<group>"; };
		B65DC6171DE54005001A4095 /* Base */ = {isa = PBXFileReference; lastKnownFileType = file.storyboard; name = Base; path = Base.lproj/LaunchScreen.storyboard; sourceTree = "<group>"; };
		B65DC6191DE54005001A4095 /* Info.plist */ = {isa = PBXFileReference; lastKnownFileType = text.plist.xml; path = Info.plist; sourceTree = "<group>"; };
		B65DC61E1DE54005001A4095 /* OverTapTests.xctest */ = {isa = PBXFileReference; explicitFileType = wrapper.cfbundle; includeInIndex = 0; path = OverTapTests.xctest; sourceTree = BUILT_PRODUCTS_DIR; };
		B65DC6221DE54005001A4095 /* OverTapTests.swift */ = {isa = PBXFileReference; lastKnownFileType = sourcecode.swift; path = OverTapTests.swift; sourceTree = "<group>"; };
		B65DC6241DE54005001A4095 /* Info.plist */ = {isa = PBXFileReference; lastKnownFileType = text.plist.xml; path = Info.plist; sourceTree = "<group>"; };
		B65DC6291DE54005001A4095 /* OverTapUITests.xctest */ = {isa = PBXFileReference; explicitFileType = wrapper.cfbundle; includeInIndex = 0; path = OverTapUITests.xctest; sourceTree = BUILT_PRODUCTS_DIR; };
		B65DC62D1DE54005001A4095 /* OverTapUITests.swift */ = {isa = PBXFileReference; lastKnownFileType = sourcecode.swift; path = OverTapUITests.swift; sourceTree = "<group>"; };
		B65DC62F1DE54005001A4095 /* Info.plist */ = {isa = PBXFileReference; lastKnownFileType = text.plist.xml; path = Info.plist; sourceTree = "<group>"; };
		B65DC63D1DE5414F001A4095 /* ViewController.swift */ = {isa = PBXFileReference; fileEncoding = 4; lastKnownFileType = sourcecode.swift; path = ViewController.swift; sourceTree = "<group>"; };
		B66485C21DEF2201009601B1 /* back.jpg */ = {isa = PBXFileReference; lastKnownFileType = image.jpeg; path = back.jpg; sourceTree = "<group>"; };
		DA333A333156ED7837171AF9 /* Pods-OverTap.debug.xcconfig */ = {isa = PBXFileReference; includeInIndex = 1; lastKnownFileType = text.xcconfig; name = "Pods-OverTap.debug.xcconfig"; path = "Pods/Target Support Files/Pods-OverTap/Pods-OverTap.debug.xcconfig"; sourceTree = "<group>"; };
/* End PBXFileReference section */

/* Begin PBXFrameworksBuildPhase section */
		B65DC6071DE54005001A4095 /* Frameworks */ = {
			isa = PBXFrameworksBuildPhase;
			buildActionMask = 2147483647;
			files = (
				0DFF1299222CC7BCFF310D30 /* Pods_OverTap.framework in Frameworks */,
			);
			runOnlyForDeploymentPostprocessing = 0;
		};
		B65DC61B1DE54005001A4095 /* Frameworks */ = {
			isa = PBXFrameworksBuildPhase;
			buildActionMask = 2147483647;
			files = (
			);
			runOnlyForDeploymentPostprocessing = 0;
		};
		B65DC6261DE54005001A4095 /* Frameworks */ = {
			isa = PBXFrameworksBuildPhase;
			buildActionMask = 2147483647;
			files = (
			);
			runOnlyForDeploymentPostprocessing = 0;
		};
/* End PBXFrameworksBuildPhase section */

/* Begin PBXGroup section */
		1EF72C6D26FAF4F78990627E /* Frameworks */ = {
			isa = PBXGroup;
			children = (
				71204BA929441C6D0D2E0B71 /* Pods_OverTap.framework */,
			);
			name = Frameworks;
			sourceTree = "<group>";
		};
		27EB23F20699D2461F48A5C1 /* Pods */ = {
			isa = PBXGroup;
			children = (
				DA333A333156ED7837171AF9 /* Pods-OverTap.debug.xcconfig */,
				905EA417B3C31B9000FEF363 /* Pods-OverTap.release.xcconfig */,
			);
			name = Pods;
			sourceTree = "<group>";
		};
		B65DC6011DE54005001A4095 = {
			isa = PBXGroup;
			children = (
				B65DC60C1DE54005001A4095 /* OverTap */,
				B65DC6211DE54005001A4095 /* OverTapTests */,
				B65DC62C1DE54005001A4095 /* OverTapUITests */,
				B65DC60B1DE54005001A4095 /* Products */,
				27EB23F20699D2461F48A5C1 /* Pods */,
				1EF72C6D26FAF4F78990627E /* Frameworks */,
			);
			sourceTree = "<group>";
		};
		B65DC60B1DE54005001A4095 /* Products */ = {
			isa = PBXGroup;
			children = (
				B65DC60A1DE54005001A4095 /* OverTap.app */,
				B65DC61E1DE54005001A4095 /* OverTapTests.xctest */,
				B65DC6291DE54005001A4095 /* OverTapUITests.xctest */,
			);
			name = Products;
			sourceTree = "<group>";
		};
		B65DC60C1DE54005001A4095 /* OverTap */ = {
			isa = PBXGroup;
			children = (
				B65DC60D1DE54005001A4095 /* AppDelegate.swift */,
				B65DC6111DE54005001A4095 /* Main.storyboard */,
				B65DC6141DE54005001A4095 /* Assets.xcassets */,
				B65DC6161DE54005001A4095 /* LaunchScreen.storyboard */,
				B65DC6191DE54005001A4095 /* Info.plist */,
				B65DC63D1DE5414F001A4095 /* ViewController.swift */,
				B66485C21DEF2201009601B1 /* back.jpg */,
			);
			path = OverTap;
			sourceTree = "<group>";
		};
		B65DC6211DE54005001A4095 /* OverTapTests */ = {
			isa = PBXGroup;
			children = (
				B65DC6221DE54005001A4095 /* OverTapTests.swift */,
				B65DC6241DE54005001A4095 /* Info.plist */,
			);
			path = OverTapTests;
			sourceTree = "<group>";
		};
		B65DC62C1DE54005001A4095 /* OverTapUITests */ = {
			isa = PBXGroup;
			children = (
				B65DC62D1DE54005001A4095 /* OverTapUITests.swift */,
				B65DC62F1DE54005001A4095 /* Info.plist */,
			);
			path = OverTapUITests;
			sourceTree = "<group>";
		};
/* End PBXGroup section */

/* Begin PBXNativeTarget section */
		B65DC6091DE54005001A4095 /* OverTap */ = {
			isa = PBXNativeTarget;
			buildConfigurationList = B65DC6321DE54005001A4095 /* Build configuration list for PBXNativeTarget "OverTap" */;
			buildPhases = (
				D7453123E240CED498D6E771 /* [CP] Check Pods Manifest.lock */,
				B65DC6061DE54005001A4095 /* Sources */,
				B65DC6071DE54005001A4095 /* Frameworks */,
				B65DC6081DE54005001A4095 /* Resources */,
				7A9A940F97C953C989450C59 /* [CP] Embed Pods Frameworks */,
				162E75A6E13963D4526EBE69 /* [CP] Copy Pods Resources */,
			);
			buildRules = (
			);
			dependencies = (
			);
			name = OverTap;
			productName = OverTap;
			productReference = B65DC60A1DE54005001A4095 /* OverTap.app */;
			productType = "com.apple.product-type.application";
		};
		B65DC61D1DE54005001A4095 /* OverTapTests */ = {
			isa = PBXNativeTarget;
			buildConfigurationList = B65DC6351DE54005001A4095 /* Build configuration list for PBXNativeTarget "OverTapTests" */;
			buildPhases = (
				B65DC61A1DE54005001A4095 /* Sources */,
				B65DC61B1DE54005001A4095 /* Frameworks */,
				B65DC61C1DE54005001A4095 /* Resources */,
			);
			buildRules = (
			);
			dependencies = (
				B65DC6201DE54005001A4095 /* PBXTargetDependency */,
			);
			name = OverTapTests;
			productName = OverTapTests;
			productReference = B65DC61E1DE54005001A4095 /* OverTapTests.xctest */;
			productType = "com.apple.product-type.bundle.unit-test";
		};
		B65DC6281DE54005001A4095 /* OverTapUITests */ = {
			isa = PBXNativeTarget;
			buildConfigurationList = B65DC6381DE54005001A4095 /* Build configuration list for PBXNativeTarget "OverTapUITests" */;
			buildPhases = (
				B65DC6251DE54005001A4095 /* Sources */,
				B65DC6261DE54005001A4095 /* Frameworks */,
				B65DC6271DE54005001A4095 /* Resources */,
			);
			buildRules = (
			);
			dependencies = (
				B65DC62B1DE54005001A4095 /* PBXTargetDependency */,
			);
			name = OverTapUITests;
			productName = OverTapUITests;
			productReference = B65DC6291DE54005001A4095 /* OverTapUITests.xctest */;
			productType = "com.apple.product-type.bundle.ui-testing";
		};
/* End PBXNativeTarget section */

/* Begin PBXProject section */
		B65DC6021DE54005001A4095 /* Project object */ = {
			isa = PBXProject;
			attributes = {
				LastSwiftUpdateCheck = 0810;
				LastUpgradeCheck = 0810;
				ORGANIZATIONNAME = wcaruso;
				TargetAttributes = {
					B65DC6091DE54005001A4095 = {
						CreatedOnToolsVersion = 8.1;
						DevelopmentTeam = E7J4C6QDWX;
						ProvisioningStyle = Automatic;
					};
					B65DC61D1DE54005001A4095 = {
						CreatedOnToolsVersion = 8.1;
						ProvisioningStyle = Automatic;
						TestTargetID = B65DC6091DE54005001A4095;
					};
					B65DC6281DE54005001A4095 = {
						CreatedOnToolsVersion = 8.1;
						ProvisioningStyle = Automatic;
						TestTargetID = B65DC6091DE54005001A4095;
					};
				};
			};
			buildConfigurationList = B65DC6051DE54005001A4095 /* Build configuration list for PBXProject "OverTap" */;
			compatibilityVersion = "Xcode 3.2";
			developmentRegion = English;
			hasScannedForEncodings = 0;
			knownRegions = (
				en,
				Base,
			);
			mainGroup = B65DC6011DE54005001A4095;
			productRefGroup = B65DC60B1DE54005001A4095 /* Products */;
			projectDirPath = "";
			projectRoot = "";
			targets = (
				B65DC6091DE54005001A4095 /* OverTap */,
				B65DC61D1DE54005001A4095 /* OverTapTests */,
				B65DC6281DE54005001A4095 /* OverTapUITests */,
			);
		};
/* End PBXProject section */

/* Begin PBXResourcesBuildPhase section */
		B65DC6081DE54005001A4095 /* Resources */ = {
			isa = PBXResourcesBuildPhase;
			buildActionMask = 2147483647;
			files = (
				B66485C31DEF2201009601B1 /* back.jpg in Resources */,
				B65DC6181DE54005001A4095 /* LaunchScreen.storyboard in Resources */,
				B65DC6151DE54005001A4095 /* Assets.xcassets in Resources */,
				B65DC6131DE54005001A4095 /* Main.storyboard in Resources */,
			);
			runOnlyForDeploymentPostprocessing = 0;
		};
		B65DC61C1DE54005001A4095 /* Resources */ = {
			isa = PBXResourcesBuildPhase;
			buildActionMask = 2147483647;
			files = (
			);
			runOnlyForDeploymentPostprocessing = 0;
		};
		B65DC6271DE54005001A4095 /* Resources */ = {
			isa = PBXResourcesBuildPhase;
			buildActionMask = 2147483647;
			files = (
			);
			runOnlyForDeploymentPostprocessing = 0;
		};
/* End PBXResourcesBuildPhase section */

/* Begin PBXShellScriptBuildPhase section */
		162E75A6E13963D4526EBE69 /* [CP] Copy Pods Resources */ = {
			isa = PBXShellScriptBuildPhase;
			buildActionMask = 2147483647;
			files = (
			);
			inputPaths = (
			);
			name = "[CP] Copy Pods Resources";
			outputPaths = (
			);
			runOnlyForDeploymentPostprocessing = 0;
			shellPath = /bin/sh;
			shellScript = "\"${SRCROOT}/Pods/Target Support Files/Pods-OverTap/Pods-OverTap-resources.sh\"\n";
			showEnvVarsInLog = 0;
		};
		7A9A940F97C953C989450C59 /* [CP] Embed Pods Frameworks */ = {
			isa = PBXShellScriptBuildPhase;
			buildActionMask = 2147483647;
			files = (
			);
			inputPaths = (
			);
			name = "[CP] Embed Pods Frameworks";
			outputPaths = (
			);
			runOnlyForDeploymentPostprocessing = 0;
			shellPath = /bin/sh;
			shellScript = "\"${SRCROOT}/Pods/Target Support Files/Pods-OverTap/Pods-OverTap-frameworks.sh\"\n";
			showEnvVarsInLog = 0;
		};
		D7453123E240CED498D6E771 /* [CP] Check Pods Manifest.lock */ = {
			isa = PBXShellScriptBuildPhase;
			buildActionMask = 2147483647;
			files = (
			);
			inputPaths = (
			);
			name = "[CP] Check Pods Manifest.lock";
			outputPaths = (
			);
			runOnlyForDeploymentPostprocessing = 0;
			shellPath = /bin/sh;
			shellScript = "diff \"${PODS_ROOT}/../Podfile.lock\" \"${PODS_ROOT}/Manifest.lock\" > /dev/null\nif [ $? != 0 ] ; then\n    # print error to STDERR\n    echo \"error: The sandbox is not in sync with the Podfile.lock. Run 'pod install' or update your CocoaPods installation.\" >&2\n    exit 1\nfi\n";
			showEnvVarsInLog = 0;
		};
/* End PBXShellScriptBuildPhase section */

/* Begin PBXSourcesBuildPhase section */
		B65DC6061DE54005001A4095 /* Sources */ = {
			isa = PBXSourcesBuildPhase;
			buildActionMask = 2147483647;
			files = (
				B65DC63E1DE5414F001A4095 /* ViewController.swift in Sources */,
				B65DC60E1DE54005001A4095 /* AppDelegate.swift in Sources */,
			);
			runOnlyForDeploymentPostprocessing = 0;
		};
		B65DC61A1DE54005001A4095 /* Sources */ = {
			isa = PBXSourcesBuildPhase;
			buildActionMask = 2147483647;
			files = (
				B65DC6231DE54005001A4095 /* OverTapTests.swift in Sources */,
			);
			runOnlyForDeploymentPostprocessing = 0;
		};
		B65DC6251DE54005001A4095 /* Sources */ = {
			isa = PBXSourcesBuildPhase;
			buildActionMask = 2147483647;
			files = (
				B65DC62E1DE54005001A4095 /* OverTapUITests.swift in Sources */,
			);
			runOnlyForDeploymentPostprocessing = 0;
		};
/* End PBXSourcesBuildPhase section */

/* Begin PBXTargetDependency section */
		B65DC6201DE54005001A4095 /* PBXTargetDependency */ = {
			isa = PBXTargetDependency;
			target = B65DC6091DE54005001A4095 /* OverTap */;
			targetProxy = B65DC61F1DE54005001A4095 /* PBXContainerItemProxy */;
		};
		B65DC62B1DE54005001A4095 /* PBXTargetDependency */ = {
			isa = PBXTargetDependency;
			target = B65DC6091DE54005001A4095 /* OverTap */;
			targetProxy = B65DC62A1DE54005001A4095 /* PBXContainerItemProxy */;
		};
/* End PBXTargetDependency section */

/* Begin PBXVariantGroup section */
		B65DC6111DE54005001A4095 /* Main.storyboard */ = {
			isa = PBXVariantGroup;
			children = (
				B65DC6121DE54005001A4095 /* Base */,
			);
			name = Main.storyboard;
			sourceTree = "<group>";
		};
		B65DC6161DE54005001A4095 /* LaunchScreen.storyboard */ = {
			isa = PBXVariantGroup;
			children = (
				B65DC6171DE54005001A4095 /* Base */,
			);
			name = LaunchScreen.storyboard;
			sourceTree = "<group>";
		};
/* End PBXVariantGroup section */

/* Begin XCBuildConfiguration section */
		B65DC6301DE54005001A4095 /* Debug */ = {
			isa = XCBuildConfiguration;
			buildSettings = {
				ALWAYS_SEARCH_USER_PATHS = NO;
				CLANG_ANALYZER_NONNULL = YES;
				CLANG_CXX_LANGUAGE_STANDARD = "gnu++0x";
				CLANG_CXX_LIBRARY = "libc++";
				CLANG_ENABLE_MODULES = YES;
				CLANG_ENABLE_OBJC_ARC = YES;
				CLANG_WARN_BOOL_CONVERSION = YES;
				CLANG_WARN_CONSTANT_CONVERSION = YES;
				CLANG_WARN_DIRECT_OBJC_ISA_USAGE = YES_ERROR;
				CLANG_WARN_DOCUMENTATION_COMMENTS = YES;
				CLANG_WARN_EMPTY_BODY = YES;
				CLANG_WARN_ENUM_CONVERSION = YES;
				CLANG_WARN_INFINITE_RECURSION = YES;
				CLANG_WARN_INT_CONVERSION = YES;
				CLANG_WARN_OBJC_ROOT_CLASS = YES_ERROR;
				CLANG_WARN_SUSPICIOUS_MOVE = YES;
				CLANG_WARN_SUSPICIOUS_MOVES = YES;
				CLANG_WARN_UNREACHABLE_CODE = YES;
				CLANG_WARN__DUPLICATE_METHOD_MATCH = YES;
				"CODE_SIGN_IDENTITY[sdk=iphoneos*]" = "iPhone Developer";
				COPY_PHASE_STRIP = NO;
				DEBUG_INFORMATION_FORMAT = dwarf;
				ENABLE_STRICT_OBJC_MSGSEND = YES;
				ENABLE_TESTABILITY = YES;
				GCC_C_LANGUAGE_STANDARD = gnu99;
				GCC_DYNAMIC_NO_PIC = NO;
				GCC_NO_COMMON_BLOCKS = YES;
				GCC_OPTIMIZATION_LEVEL = 0;
				GCC_PREPROCESSOR_DEFINITIONS = (
					"DEBUG=1",
					"$(inherited)",
				);
				GCC_WARN_64_TO_32_BIT_CONVERSION = YES;
				GCC_WARN_ABOUT_RETURN_TYPE = YES_ERROR;
				GCC_WARN_UNDECLARED_SELECTOR = YES;
				GCC_WARN_UNINITIALIZED_AUTOS = YES_AGGRESSIVE;
				GCC_WARN_UNUSED_FUNCTION = YES;
				GCC_WARN_UNUSED_VARIABLE = YES;
				IPHONEOS_DEPLOYMENT_TARGET = 10.1;
				MTL_ENABLE_DEBUG_INFO = YES;
				ONLY_ACTIVE_ARCH = YES;
				SDKROOT = iphoneos;
				SWIFT_ACTIVE_COMPILATION_CONDITIONS = DEBUG;
				SWIFT_OPTIMIZATION_LEVEL = "-Onone";
				TARGETED_DEVICE_FAMILY = "1,2";
			};
			name = Debug;
		};
		B65DC6311DE54005001A4095 /* Release */ = {
			isa = XCBuildConfiguration;
			buildSettings = {
				ALWAYS_SEARCH_USER_PATHS = NO;
				CLANG_ANALYZER_NONNULL = YES;
				CLANG_CXX_LANGUAGE_STANDARD = "gnu++0x";
				CLANG_CXX_LIBRARY = "libc++";
				CLANG_ENABLE_MODULES = YES;
				CLANG_ENABLE_OBJC_ARC = YES;
				CLANG_WARN_BOOL_CONVERSION = YES;
				CLANG_WARN_CONSTANT_CONVERSION = YES;
				CLANG_WARN_DIRECT_OBJC_ISA_USAGE = YES_ERROR;
				CLANG_WARN_DOCUMENTATION_COMMENTS = YES;
				CLANG_WARN_EMPTY_BODY = YES;
				CLANG_WARN_ENUM_CONVERSION = YES;
				CLANG_WARN_INFINITE_RECURSION = YES;
				CLANG_WARN_INT_CONVERSION = YES;
				CLANG_WARN_OBJC_ROOT_CLASS = YES_ERROR;
				CLANG_WARN_SUSPICIOUS_MOVE = YES;
				CLANG_WARN_SUSPICIOUS_MOVES = YES;
				CLANG_WARN_UNREACHABLE_CODE = YES;
				CLANG_WARN__DUPLICATE_METHOD_MATCH = YES;
				"CODE_SIGN_IDENTITY[sdk=iphoneos*]" = "iPhone Developer";
				COPY_PHASE_STRIP = NO;
				DEBUG_INFORMATION_FORMAT = "dwarf-with-dsym";
				ENABLE_NS_ASSERTIONS = NO;
				ENABLE_STRICT_OBJC_MSGSEND = YES;
				GCC_C_LANGUAGE_STANDARD = gnu99;
				GCC_NO_COMMON_BLOCKS = YES;
				GCC_WARN_64_TO_32_BIT_CONVERSION = YES;
				GCC_WARN_ABOUT_RETURN_TYPE = YES_ERROR;
				GCC_WARN_UNDECLARED_SELECTOR = YES;
				GCC_WARN_UNINITIALIZED_AUTOS = YES_AGGRESSIVE;
				GCC_WARN_UNUSED_FUNCTION = YES;
				GCC_WARN_UNUSED_VARIABLE = YES;
				IPHONEOS_DEPLOYMENT_TARGET = 10.1;
				MTL_ENABLE_DEBUG_INFO = NO;
				SDKROOT = iphoneos;
				SWIFT_OPTIMIZATION_LEVEL = "-Owholemodule";
				TARGETED_DEVICE_FAMILY = "1,2";
				VALIDATE_PRODUCT = YES;
			};
			name = Release;
		};
		B65DC6331DE54005001A4095 /* Debug */ = {
			isa = XCBuildConfiguration;
			baseConfigurationReference = DA333A333156ED7837171AF9 /* Pods-OverTap.debug.xcconfig */;
			buildSettings = {
				ALWAYS_EMBED_SWIFT_STANDARD_LIBRARIES = YES;
				ASSETCATALOG_COMPILER_APPICON_NAME = AppIcon;
				DEVELOPMENT_TEAM = E7J4C6QDWX;
				INFOPLIST_FILE = OverTap/Info.plist;
				IPHONEOS_DEPLOYMENT_TARGET = 10.0;
				LD_RUNPATH_SEARCH_PATHS = "$(inherited) @executable_path/Frameworks";
				PRODUCT_BUNDLE_IDENTIFIER = com.wcaruso.OverTap;
				PRODUCT_NAME = "$(TARGET_NAME)";
				SWIFT_VERSION = 3.0;
			};
			name = Debug;
		};
		B65DC6341DE54005001A4095 /* Release */ = {
			isa = XCBuildConfiguration;
			baseConfigurationReference = 905EA417B3C31B9000FEF363 /* Pods-OverTap.release.xcconfig */;
			buildSettings = {
				ALWAYS_EMBED_SWIFT_STANDARD_LIBRARIES = YES;
				ASSETCATALOG_COMPILER_APPICON_NAME = AppIcon;
				DEVELOPMENT_TEAM = E7J4C6QDWX;
				INFOPLIST_FILE = OverTap/Info.plist;
				IPHONEOS_DEPLOYMENT_TARGET = 10.0;
				LD_RUNPATH_SEARCH_PATHS = "$(inherited) @executable_path/Frameworks";
				PRODUCT_BUNDLE_IDENTIFIER = com.wcaruso.OverTap;
				PRODUCT_NAME = "$(TARGET_NAME)";
				SWIFT_VERSION = 3.0;
			};
			name = Release;
		};
		B65DC6361DE54005001A4095 /* Debug */ = {
			isa = XCBuildConfiguration;
			buildSettings = {
				ALWAYS_EMBED_SWIFT_STANDARD_LIBRARIES = YES;
				BUNDLE_LOADER = "$(TEST_HOST)";
				INFOPLIST_FILE = OverTapTests/Info.plist;
				LD_RUNPATH_SEARCH_PATHS = "$(inherited) @executable_path/Frameworks @loader_path/Frameworks";
				PRODUCT_BUNDLE_IDENTIFIER = com.wcaruso.OverTapTests;
				PRODUCT_NAME = "$(TARGET_NAME)";
				SWIFT_VERSION = 3.0;
				TEST_HOST = "$(BUILT_PRODUCTS_DIR)/OverTap.app/OverTap";
			};
			name = Debug;
		};
		B65DC6371DE54005001A4095 /* Release */ = {
			isa = XCBuildConfiguration;
			buildSettings = {
				ALWAYS_EMBED_SWIFT_STANDARD_LIBRARIES = YES;
				BUNDLE_LOADER = "$(TEST_HOST)";
				INFOPLIST_FILE = OverTapTests/Info.plist;
				LD_RUNPATH_SEARCH_PATHS = "$(inherited) @executable_path/Frameworks @loader_path/Frameworks";
				PRODUCT_BUNDLE_IDENTIFIER = com.wcaruso.OverTapTests;
				PRODUCT_NAME = "$(TARGET_NAME)";
				SWIFT_VERSION = 3.0;
				TEST_HOST = "$(BUILT_PRODUCTS_DIR)/OverTap.app/OverTap";
			};
			name = Release;
		};
		B65DC6391DE54005001A4095 /* Debug */ = {
			isa = XCBuildConfiguration;
			buildSettings = {
				ALWAYS_EMBED_SWIFT_STANDARD_LIBRARIES = YES;
				INFOPLIST_FILE = OverTapUITests/Info.plist;
				LD_RUNPATH_SEARCH_PATHS = "$(inherited) @executable_path/Frameworks @loader_path/Frameworks";
				PRODUCT_BUNDLE_IDENTIFIER = com.wcaruso.OverTapUITests;
				PRODUCT_NAME = "$(TARGET_NAME)";
				SWIFT_VERSION = 3.0;
				TEST_TARGET_NAME = OverTap;
			};
			name = Debug;
		};
		B65DC63A1DE54005001A4095 /* Release */ = {
			isa = XCBuildConfiguration;
			buildSettings = {
				ALWAYS_EMBED_SWIFT_STANDARD_LIBRARIES = YES;
				INFOPLIST_FILE = OverTapUITests/Info.plist;
				LD_RUNPATH_SEARCH_PATHS = "$(inherited) @executable_path/Frameworks @loader_path/Frameworks";
				PRODUCT_BUNDLE_IDENTIFIER = com.wcaruso.OverTapUITests;
				PRODUCT_NAME = "$(TARGET_NAME)";
				SWIFT_VERSION = 3.0;
				TEST_TARGET_NAME = OverTap;
			};
			name = Release;
		};
/* End XCBuildConfiguration section */

/* Begin XCConfigurationList section */
		B65DC6051DE54005001A4095 /* Build configuration list for PBXProject "OverTap" */ = {
			isa = XCConfigurationList;
			buildConfigurations = (
				B65DC6301DE54005001A4095 /* Debug */,
				B65DC6311DE54005001A4095 /* Release */,
			);
			defaultConfigurationIsVisible = 0;
			defaultConfigurationName = Release;
		};
		B65DC6321DE54005001A4095 /* Build configuration list for PBXNativeTarget "OverTap" */ = {
			isa = XCConfigurationList;
			buildConfigurations = (
				B65DC6331DE54005001A4095 /* Debug */,
				B65DC6341DE54005001A4095 /* Release */,
			);
			defaultConfigurationIsVisible = 0;
			defaultConfigurationName = Release;
		};
		B65DC6351DE54005001A4095 /* Build configuration list for PBXNativeTarget "OverTapTests" */ = {
			isa = XCConfigurationList;
			buildConfigurations = (
				B65DC6361DE54005001A4095 /* Debug */,
				B65DC6371DE54005001A4095 /* Release */,
			);
			defaultConfigurationIsVisible = 0;
			defaultConfigurationName = Release;
		};
		B65DC6381DE54005001A4095 /* Build configuration list for PBXNativeTarget "OverTapUITests" */ = {
			isa = XCConfigurationList;
			buildConfigurations = (
				B65DC6391DE54005001A4095 /* Debug */,
				B65DC63A1DE54005001A4095 /* Release */,
			);
			defaultConfigurationIsVisible = 0;
			defaultConfigurationName = Release;
		};
/* End XCConfigurationList section */
	};
	rootObject = B65DC6021DE54005001A4095 /* Project object */;
}
